
Microsoft Visual Studio Solution File, Format Version 12.00
# Visual Studio Version 17
VisualStudioVersion = 17.1.32210.238
MinimumVisualStudioVersion = 10.0.40219.1
Project("{9A19103F-16F7-4668-BE54-9A1E7A4F7556}") = "NetSerializer", "NetSerializer\NetSerializer.csproj", "{85A11D07-8D18-42D5-ACCF-EF9744EFE825}"
EndProject
Project("{9A19103F-16F7-4668-BE54-9A1E7A4F7556}") = "Test", "Test\Test.csproj", "{29859CBC-0940-40B6-93E5-18D7B3C87CE6}"
EndProject
Project("{9A19103F-16F7-4668-BE54-9A1E7A4F7556}") = "PrimitiveTest", "PrimitiveTest\PrimitiveTest.csproj", "{ACD38622-F1A4-495C-821A-77E76D7A643D}"
EndProject
Global
	GlobalSection(SolutionConfigurationPlatforms) = preSolution
		Debug|Any CPU = Debug|Any CPU
		Release|Any CPU = Release|Any CPU
	EndGlobalSection
	GlobalSection(ProjectConfigurationPlatforms) = postSolution
		{85A11D07-8D18-42D5-ACCF-EF9744EFE825}.Debug|Any CPU.ActiveCfg = Debug|Any CPU
		{85A11D07-8D18-42D5-ACCF-EF9744EFE825}.Debug|Any CPU.Build.0 = Debug|Any CPU
		{85A11D07-8D18-42D5-ACCF-EF9744EFE825}.Release|Any CPU.ActiveCfg = Release|Any CPU
		{85A11D07-8D18-42D5-ACCF-EF9744EFE825}.Release|Any CPU.Build.0 = Release|Any CPU
		{29859CBC-0940-40B6-93E5-18D7B3C87CE6}.Debug|Any CPU.ActiveCfg = Debug|Any CPU
		{29859CBC-0940-40B6-93E5-18D7B3C87CE6}.Debug|Any CPU.Build.0 = Debug|Any CPU
		{29859CBC-0940-40B6-93E5-18D7B3C87CE6}.Release|Any CPU.ActiveCfg = Release|Any CPU
		{29859CBC-0940-40B6-93E5-18D7B3C87CE6}.Release|Any CPU.Build.0 = Release|Any CPU
		{ACD38622-F1A4-495C-821A-77E76D7A643D}.Debug|Any CPU.ActiveCfg = Debug|Any CPU
		{ACD38622-F1A4-495C-821A-77E76D7A643D}.Debug|Any CPU.Build.0 = Debug|Any CPU
		{ACD38622-F1A4-495C-821A-77E76D7A643D}.Release|Any CPU.ActiveCfg = Release|Any CPU
		{ACD38622-F1A4-495C-821A-77E76D7A643D}.Release|Any CPU.Build.0 = Release|Any CPU
	EndGlobalSection
	GlobalSection(SolutionProperties) = preSolution
		HideSolutionNode = FALSE
	EndGlobalSection
	GlobalSection(ExtensibilityGlobals) = postSolution
		SolutionGuid = {6A3216FE-086C-40F7-BCC0-F46D70F9028F}
	EndGlobalSection
EndGlobal
